
Microsoft Visual Studio Solution File, Format Version 12.00
# Visual Studio 2012
Project("{FAE04EC0-301F-11D3-BF4B-00C04F79EFBC}") = "ReSharper.ReJS", "ReSharper.ReJS\ReSharper.ReJS\ReSharper.ReJS.csproj", "{C66F56B8-55F3-41C8-AC89-00ABFEE06293}"
EndProject
Project("{FAE04EC0-301F-11D3-BF4B-00C04F79EFBC}") = "ReSharper.ReJS.Tests", "ReSharper.ReJS\ReSharper.ReJS.Tests\ReSharper.ReJS.Tests.csproj", "{5B7C7310-2F48-49A5-A56D-041724E1C87D}"
EndProject
Project("{2150E333-8FDC-42A3-9474-1A3956D46DE8}") = ".nuget", ".nuget", "{E9F73207-EB2F-481F-9880-7F91FB59CCF2}"
	ProjectSection(SolutionItems) = preProject
		.nuget\NuGet.Config = .nuget\NuGet.Config
		.nuget\NuGet.exe = .nuget\NuGet.exe
		.nuget\NuGet.targets = .nuget\NuGet.targets
	EndProjectSection
EndProject
Global
	GlobalSection(SolutionConfigurationPlatforms) = preSolution
		Debug|Any CPU = Debug|Any CPU
		Release|Any CPU = Release|Any CPU
	EndGlobalSection
	GlobalSection(ProjectConfigurationPlatforms) = postSolution
		{C66F56B8-55F3-41C8-AC89-00ABFEE06293}.Debug|Any CPU.ActiveCfg = Debug|Any CPU
		{C66F56B8-55F3-41C8-AC89-00ABFEE06293}.Debug|Any CPU.Build.0 = Debug|Any CPU
		{C66F56B8-55F3-41C8-AC89-00ABFEE06293}.Release|Any CPU.ActiveCfg = Release|Any CPU
		{C66F56B8-55F3-41C8-AC89-00ABFEE06293}.Release|Any CPU.Build.0 = Release|Any CPU
		{5B7C7310-2F48-49A5-A56D-041724E1C87D}.Debug|Any CPU.ActiveCfg = Debug|Any CPU
		{5B7C7310-2F48-49A5-A56D-041724E1C87D}.Debug|Any CPU.Build.0 = Debug|Any CPU
		{5B7C7310-2F48-49A5-A56D-041724E1C87D}.Release|Any CPU.ActiveCfg = Release|Any CPU
		{5B7C7310-2F48-49A5-A56D-041724E1C87D}.Release|Any CPU.Build.0 = Release|Any CPU
	EndGlobalSection
	GlobalSection(SolutionProperties) = preSolution
		HideSolutionNode = FALSE
	EndGlobalSection
EndGlobal
