
Microsoft Visual Studio Solution File, Format Version 12.00
# Visual Studio 14
VisualStudioVersion = 14.0.22310.1
MinimumVisualStudioVersion = 10.0.40219.1
Project("{FAE04EC0-301F-11D3-BF4B-00C04F79EFBC}") = "ReSharper80.ReJS", "src\ReSharper.ReJS\ReSharper80.ReJS.csproj", "{C66F56B8-55F3-41C8-AC89-00ABFEE06293}"
EndProject
Project("{FAE04EC0-301F-11D3-BF4B-00C04F79EFBC}") = "ReSharper80.ReJS.Tests", "src\ReSharper.ReJS.Tests\ReSharper80.ReJS.Tests.csproj", "{5B7C7310-2F48-49A5-A56D-041724E1C87D}"
EndProject
Project("{2150E333-8FDC-42A3-9474-1A3956D46DE8}") = "ReSharper80", "ReSharper80", "{B9595747-C126-4DA4-8869-5135A1BC714C}"
EndProject
Project("{2150E333-8FDC-42A3-9474-1A3956D46DE8}") = "ReSharper81", "ReSharper81", "{0BA5D9DC-7430-42EE-8E33-32949B6D5991}"
EndProject
Project("{FAE04EC0-301F-11D3-BF4B-00C04F79EFBC}") = "ReSharper81.ReJS", "src\ReSharper.ReJS\ReSharper81.ReJS.csproj", "{7530A610-6AFE-4D98-86BB-F62B50B0FE25}"
EndProject
Project("{FAE04EC0-301F-11D3-BF4B-00C04F79EFBC}") = "ReSharper81.ReJS.Tests", "src\ReSharper.ReJS.Tests\ReSharper81.ReJS.Tests.csproj", "{52FD6D3B-B070-4069-BD33-11DCA344238B}"
EndProject
Project("{2150E333-8FDC-42A3-9474-1A3956D46DE8}") = ".nuget", ".nuget", "{AA635EB5-3BDD-4807-9924-64491368627A}"
	ProjectSection(SolutionItems) = preProject
		.nuget\NuGet.Config = .nuget\NuGet.Config
		.nuget\NuGet.exe = .nuget\NuGet.exe
		.nuget\NuGet.targets = .nuget\NuGet.targets
	EndProjectSection
EndProject
Project("{2150E333-8FDC-42A3-9474-1A3956D46DE8}") = "ReSharper82", "ReSharper82", "{E9572E62-CB21-41DC-8721-22D59DB87791}"
EndProject
Project("{FAE04EC0-301F-11D3-BF4B-00C04F79EFBC}") = "ReSharper82.ReJS", "src\ReSharper.ReJS\ReSharper82.ReJS.csproj", "{EEA9B616-2EE3-497F-A5E3-0BBCA9D3CFF9}"
EndProject
Project("{FAE04EC0-301F-11D3-BF4B-00C04F79EFBC}") = "ReSharper82.ReJS.Tests", "src\ReSharper.ReJS.Tests\ReSharper82.ReJS.Tests.csproj", "{770A2C57-487A-4C1D-8F7B-69AB7B311B3F}"
EndProject
Project("{2150E333-8FDC-42A3-9474-1A3956D46DE8}") = "ReSharper90", "ReSharper90", "{B118D1DE-D905-47A7-8504-22D18711DC21}"
EndProject
Project("{FAE04EC0-301F-11D3-BF4B-00C04F79EFBC}") = "ReSharper90.ReJS", "src\ReSharper.ReJS\ReSharper90.ReJS.csproj", "{8ED0B721-0F1E-478E-9738-1DA6DCB0E87B}"
EndProject
Project("{FAE04EC0-301F-11D3-BF4B-00C04F79EFBC}") = "ReSharper90.ReJS.Tests", "src\ReSharper.ReJS.Tests\ReSharper90.ReJS.Tests.csproj", "{F418F135-BFE2-4247-8C34-19068250D8F2}"
EndProject
Project("{2150E333-8FDC-42A3-9474-1A3956D46DE8}") = "ReSharper91", "ReSharper91", "{DAE3B4E8-7B7E-4795-8433-C48470AAED30}"
EndProject
Project("{FAE04EC0-301F-11D3-BF4B-00C04F79EFBC}") = "ReSharper91.ReJS", "src\ReSharper.ReJS\ReSharper91.ReJS.csproj", "{D7190471-E100-44A0-9F77-C60F04713B78}"
EndProject
Project("{FAE04EC0-301F-11D3-BF4B-00C04F79EFBC}") = "ReSharper91.ReJS.Tests", "src\ReSharper.ReJS.Tests\ReSharper91.ReJS.Tests.csproj", "{414959A1-8976-4280-B510-FFD365135205}"
EndProject
Global
	GlobalSection(SolutionConfigurationPlatforms) = preSolution
		Debug|Any CPU = Debug|Any CPU
		Release|Any CPU = Release|Any CPU
	EndGlobalSection
	GlobalSection(ProjectConfigurationPlatforms) = postSolution
		{C66F56B8-55F3-41C8-AC89-00ABFEE06293}.Debug|Any CPU.ActiveCfg = Debug|Any CPU
		{C66F56B8-55F3-41C8-AC89-00ABFEE06293}.Debug|Any CPU.Build.0 = Debug|Any CPU
		{C66F56B8-55F3-41C8-AC89-00ABFEE06293}.Release|Any CPU.ActiveCfg = Release|Any CPU
		{C66F56B8-55F3-41C8-AC89-00ABFEE06293}.Release|Any CPU.Build.0 = Release|Any CPU
		{5B7C7310-2F48-49A5-A56D-041724E1C87D}.Debug|Any CPU.ActiveCfg = Debug|Any CPU
		{5B7C7310-2F48-49A5-A56D-041724E1C87D}.Debug|Any CPU.Build.0 = Debug|Any CPU
		{5B7C7310-2F48-49A5-A56D-041724E1C87D}.Release|Any CPU.ActiveCfg = Release|Any CPU
		{5B7C7310-2F48-49A5-A56D-041724E1C87D}.Release|Any CPU.Build.0 = Release|Any CPU
		{7530A610-6AFE-4D98-86BB-F62B50B0FE25}.Debug|Any CPU.ActiveCfg = Debug|Any CPU
		{7530A610-6AFE-4D98-86BB-F62B50B0FE25}.Debug|Any CPU.Build.0 = Debug|Any CPU
		{7530A610-6AFE-4D98-86BB-F62B50B0FE25}.Release|Any CPU.ActiveCfg = Release|Any CPU
		{7530A610-6AFE-4D98-86BB-F62B50B0FE25}.Release|Any CPU.Build.0 = Release|Any CPU
		{52FD6D3B-B070-4069-BD33-11DCA344238B}.Debug|Any CPU.ActiveCfg = Debug|Any CPU
		{52FD6D3B-B070-4069-BD33-11DCA344238B}.Debug|Any CPU.Build.0 = Debug|Any CPU
		{52FD6D3B-B070-4069-BD33-11DCA344238B}.Release|Any CPU.ActiveCfg = Release|Any CPU
		{52FD6D3B-B070-4069-BD33-11DCA344238B}.Release|Any CPU.Build.0 = Release|Any CPU
		{EEA9B616-2EE3-497F-A5E3-0BBCA9D3CFF9}.Debug|Any CPU.ActiveCfg = Debug|Any CPU
		{EEA9B616-2EE3-497F-A5E3-0BBCA9D3CFF9}.Debug|Any CPU.Build.0 = Debug|Any CPU
		{EEA9B616-2EE3-497F-A5E3-0BBCA9D3CFF9}.Release|Any CPU.ActiveCfg = Release|Any CPU
		{EEA9B616-2EE3-497F-A5E3-0BBCA9D3CFF9}.Release|Any CPU.Build.0 = Release|Any CPU
		{770A2C57-487A-4C1D-8F7B-69AB7B311B3F}.Debug|Any CPU.ActiveCfg = Debug|Any CPU
		{770A2C57-487A-4C1D-8F7B-69AB7B311B3F}.Debug|Any CPU.Build.0 = Debug|Any CPU
		{770A2C57-487A-4C1D-8F7B-69AB7B311B3F}.Release|Any CPU.ActiveCfg = Release|Any CPU
		{770A2C57-487A-4C1D-8F7B-69AB7B311B3F}.Release|Any CPU.Build.0 = Release|Any CPU
		{8ED0B721-0F1E-478E-9738-1DA6DCB0E87B}.Debug|Any CPU.ActiveCfg = Debug|Any CPU
		{8ED0B721-0F1E-478E-9738-1DA6DCB0E87B}.Debug|Any CPU.Build.0 = Debug|Any CPU
		{8ED0B721-0F1E-478E-9738-1DA6DCB0E87B}.Release|Any CPU.ActiveCfg = Release|Any CPU
		{8ED0B721-0F1E-478E-9738-1DA6DCB0E87B}.Release|Any CPU.Build.0 = Release|Any CPU
		{F418F135-BFE2-4247-8C34-19068250D8F2}.Debug|Any CPU.ActiveCfg = Debug|Any CPU
		{F418F135-BFE2-4247-8C34-19068250D8F2}.Debug|Any CPU.Build.0 = Debug|Any CPU
		{F418F135-BFE2-4247-8C34-19068250D8F2}.Release|Any CPU.ActiveCfg = Release|Any CPU
		{F418F135-BFE2-4247-8C34-19068250D8F2}.Release|Any CPU.Build.0 = Release|Any CPU
		{D7190471-E100-44A0-9F77-C60F04713B78}.Debug|Any CPU.ActiveCfg = Debug|Any CPU
		{D7190471-E100-44A0-9F77-C60F04713B78}.Debug|Any CPU.Build.0 = Debug|Any CPU
		{D7190471-E100-44A0-9F77-C60F04713B78}.Release|Any CPU.ActiveCfg = Release|Any CPU
		{D7190471-E100-44A0-9F77-C60F04713B78}.Release|Any CPU.Build.0 = Release|Any CPU
		{414959A1-8976-4280-B510-FFD365135205}.Debug|Any CPU.ActiveCfg = Debug|Any CPU
		{414959A1-8976-4280-B510-FFD365135205}.Debug|Any CPU.Build.0 = Debug|Any CPU
		{414959A1-8976-4280-B510-FFD365135205}.Release|Any CPU.ActiveCfg = Release|Any CPU
		{414959A1-8976-4280-B510-FFD365135205}.Release|Any CPU.Build.0 = Release|Any CPU
	EndGlobalSection
	GlobalSection(SolutionProperties) = preSolution
		HideSolutionNode = FALSE
	EndGlobalSection
	GlobalSection(NestedProjects) = preSolution
		{5B7C7310-2F48-49A5-A56D-041724E1C87D} = {B9595747-C126-4DA4-8869-5135A1BC714C}
		{C66F56B8-55F3-41C8-AC89-00ABFEE06293} = {B9595747-C126-4DA4-8869-5135A1BC714C}
		{7530A610-6AFE-4D98-86BB-F62B50B0FE25} = {0BA5D9DC-7430-42EE-8E33-32949B6D5991}
		{52FD6D3B-B070-4069-BD33-11DCA344238B} = {0BA5D9DC-7430-42EE-8E33-32949B6D5991}
		{EEA9B616-2EE3-497F-A5E3-0BBCA9D3CFF9} = {E9572E62-CB21-41DC-8721-22D59DB87791}
		{770A2C57-487A-4C1D-8F7B-69AB7B311B3F} = {E9572E62-CB21-41DC-8721-22D59DB87791}
		{8ED0B721-0F1E-478E-9738-1DA6DCB0E87B} = {B118D1DE-D905-47A7-8504-22D18711DC21}
		{F418F135-BFE2-4247-8C34-19068250D8F2} = {B118D1DE-D905-47A7-8504-22D18711DC21}
		{D7190471-E100-44A0-9F77-C60F04713B78} = {DAE3B4E8-7B7E-4795-8433-C48470AAED30}
		{414959A1-8976-4280-B510-FFD365135205} = {DAE3B4E8-7B7E-4795-8433-C48470AAED30}
	EndGlobalSection
EndGlobal
